{
  "version": 4,
  "terraform_version": "0.12.31",
  "serial": 48,
  "lineage": "27e725f0-1755-ead0-ed3d-199c16a5b1c3",
  "outputs": {
    "controller_instance_id": {
      "value": "i-06ecf0b7c992364a3",
      "type": "string"
    },
    "controller_public_ip": {
      "value": "52.91.255.172",
      "type": "string"
    },
    "s3_bucket_name": {
      "value": "mukesh-local-k8s-files",
      "type": "string"
    },
    "vpc_id": {
      "value": "vpc-0e432bdfb1ecf6937",
      "type": "string"
    }
  },
  "resources": [
    {
      "module": "module.vpc",
      "mode": "data",
      "type": "aws_ami",
      "name": "linux",
      "provider": "provider.aws",
      "instances": [
        {
          "schema_version": 0,
          "attributes": {
            "architecture": "x86_64",
            "arn": "arn:aws:ec2:us-east-1::image/ami-02fe94dee086c0c37",
            "block_device_mappings": [
              {
                "device_name": "/dev/sda1",
                "ebs": {
                  "delete_on_termination": "true",
                  "encrypted": "false",
                  "iops": "0",
                  "snapshot_id": "snap-074c9b6e7aeb0e066",
                  "throughput": "0",
                  "volume_size": "8",
                  "volume_type": "gp2"
                },
                "no_device": "",
                "virtual_name": ""
              },
              {
                "device_name": "/dev/sdb",
                "ebs": {},
                "no_device": "",
                "virtual_name": "ephemeral0"
              },
              {
                "device_name": "/dev/sdc",
                "ebs": {},
                "no_device": "",
                "virtual_name": "ephemeral1"
              }
            ],
            "boot_mode": "",
            "creation_date": "2021-01-28T19:54:39.000Z",
            "deprecation_time": "2023-01-28T19:54:39.000Z",
            "description": "Canonical, Ubuntu, 18.04 LTS, amd64 bionic image build on 2021-01-28",
            "ena_support": true,
            "executable_users": null,
            "filter": [
              {
                "name": "name",
                "values": [
                  "ubuntu/images/hvm-ssd/ubuntu-bionic-18.04-amd64-server-20210128"
                ]
              }
            ],
            "hypervisor": "xen",
            "id": "ami-02fe94dee086c0c37",
            "image_id": "ami-02fe94dee086c0c37",
            "image_location": "099720109477/ubuntu/images/hvm-ssd/ubuntu-bionic-18.04-amd64-server-20210128",
            "image_owner_alias": "",
            "image_type": "machine",
            "kernel_id": "",
            "most_recent": false,
            "name": "ubuntu/images/hvm-ssd/ubuntu-bionic-18.04-amd64-server-20210128",
            "name_regex": null,
            "owner_id": "099720109477",
            "owners": [
              "099720109477"
            ],
            "platform": "",
            "platform_details": "Linux/UNIX",
            "product_codes": [],
            "public": true,
            "ramdisk_id": "",
            "root_device_name": "/dev/sda1",
            "root_device_type": "ebs",
            "root_snapshot_id": "snap-074c9b6e7aeb0e066",
            "sriov_net_support": "simple",
            "state": "available",
            "state_reason": {
              "code": "UNSET",
              "message": "UNSET"
            },
            "tags": {},
            "tpm_support": "",
            "usage_operation": "RunInstances",
            "virtualization_type": "hvm"
          }
        }
      ]
    },
    {
      "module": "module.vpc",
      "mode": "data",
      "type": "template_cloudinit_config",
      "name": "controller",
      "provider": "provider.template",
      "instances": [
        {
          "schema_version": 0,
          "attributes": {
            "base64_encode": true,
            "gzip": true,
            "id": "495548313",
            "part": [
              {
                "content": "#!/bin/bash -xe\nexec \u003e /var/log/controller-userdata.log 2\u003e\u00261\nset +e\n\n\napt-get update -y\napt-get install tree jq vim python3-pip docker.io -y\napt-get install awscli -y\n\n###### Install Kops #########\n\ncurl -Lo kops https://github.com/kubernetes/kops/releases/download/$(curl -s https://api.github.com/repos/kubernetes/kops/releases/latest | grep tag_name | cut -d '\"' -f 4)/kops-linux-amd64\nchmod +x kops\nsudo mv kops /usr/local/bin/kops\n\n###### Install Kubectl ##########\n\ncurl -LO \"https://dl.k8s.io/release/$(curl -L -s https://dl.k8s.io/release/stable.txt)/bin/linux/amd64/kubectl\"\nchmod +x ./kubectl\nsudo mv ./kubectl /usr/local/bin/kubectl\n\n####### Install helm ##########\ncurl -LO https://get.helm.sh/helm-v3.9.0-linux-amd64.tar.gz\ntar -zxvf helm-v3.9.0-linux-amd64.tar.gz\nsudo mv linux-amd64/helm /usr/local/bin/helm\n\n######## Export env variables ########\n\n#export buck_name=`aws s3 ls | awk '{print $3}' | grep -i 'k8s-files'`\n#export NODE_COUNT=2\n#export NODE_SIZE=\"t3.medium\"\n#export MASTER_COUNT=1\n#export MASTER_SIZE=\"t3.medium\"\n#export CLUSTER_NAME=\"mukesh.k8s\"\n#export VPC_ID=`cat /tmp/vpc_id.txt`\n\n############ Create k8s cluster #############\n\n#kops create cluster --name=$CLUSTER_NAME --state=s3://$buck_name --node-count=$NODE_COUNT --node-size=$NODE_SIZE --master-count=$MASTER_COUNT --master-size=$MASTER_SIZE --vpc=$VPC_ID --zones=us-east-1b,us-east-1c --dns=private --yes\n\n#kops update cluster --yes\n",
                "content_type": "text/x-shellscript",
                "filename": "",
                "merge_type": ""
              }
            ],
            "rendered": "H4sIAAAAAAAA/4RUX2/jthN8F+DvsD/b+LmHK8XL+dCmLnRA6vghaJwUd8kB7UtCURubNUWy5EqR0/S7F5KtP016qF4S78wuZ4YLLq0hNMRu9g4XkBealBOeeK4qzH6E1BYmE36fjNcX69VP17dX52effh1H9S/2BX1Q1izgJH43ikYRY0PSKOpme2HCA3q2MtJmymwW8H2qaEBoDiesiFcsbFHrIL1yNIrWKsdX50z+x1NleCrCFliFEVYo4SPwUniu7YZLa8hbrdGzIqDPBIlY2w28//j/kyggwVuMokg4YhskKFwmCIHtu4oygYTWQB4Rfv8DSpWD29PWmjlzykFm5Q59rOy/NYnHILWqkWjSfHBxRH62LsCk/aJIFl4Du7Swq4EtkQsLzjeKtkUaS5vzXZGiN0gYeE3hHjWKgIFn9tFoKzI+/eYwpG8XTsWDER6dDV8fpAVhIHiGjUcHJDZ3RuQIzyALApbBbDwD9gAf3jR9TCtTVEzk2XcfIrnNbQZvq0Z9FIrMQl4erPAi1BchhW7uqSG8CqNIUZLu8+gDuYZx6ybT8e40xMq2kjvHl0PTr2mBRKoxporeNBoa5bxR3qQhSY97C3Fb63x0lVdmjsSjn97QFnU+dNOZ6S4WKa5Jcdjy+i8r5/EP8bthqDEJH2+eIhIe2FNVPsB/EFu5A6iZ/VJ1XeskT2BVOesJ0JRQCq/qqPrNjKIJHvC0kLtmIZJ78RggzEEHeAbxuIPZn84rQzCd/zVr14cpmO1OA3tQGsPsvhtzdX2+ulte317dJO//Wfx88dsqGdM8zjFTRT7u0PXZ55vVp2PTycvyV9uWl7cN4epsvUrGebHDsK03o2d8+WV5d3Ge3EtBwCl3vHTyTmX1otz3ATUhLT3W78LuNIDURSD0MMTrnJptlwdey2GsSWw61AKMBRKESZgvOJ92udZkmyGTtjCUTPugWiCoJzzWa9PAWC7qU9qOYU49eOgahAWMlU4m04N7YOzJGgxJERiKQOwk/bb7VwJjmQmJ86psnkW2x9BaPT6VvdUae/nuMzaK/g4AAP//uY0Z2FYGAAA="
          }
        }
      ]
    },
    {
      "module": "module.vpc",
      "mode": "managed",
      "type": "aws_iam_instance_profile",
      "name": "iam-profile",
      "provider": "provider.aws",
      "instances": [
        {
          "schema_version": 0,
          "attributes": {
            "arn": "arn:aws:iam::993161815091:instance-profile/mukesh-local-sandbox-ec2-profile",
            "create_date": "2022-06-11T04:00:11Z",
            "id": "mukesh-local-sandbox-ec2-profile",
            "name": "mukesh-local-sandbox-ec2-profile",
            "name_prefix": null,
            "path": "/",
            "role": "mukesh-local-sandbox-role",
            "tags": null,
            "tags_all": {},
            "unique_id": "AIPA6OPIOUQZYSQQWUWSY"
          },
          "private": "bnVsbA==",
          "dependencies": [
            "module.vpc.aws_iam_role.iam-role"
          ]
        }
      ]
    },
    {
      "module": "module.vpc",
      "mode": "managed",
      "type": "aws_iam_policy",
      "name": "s3_admin_policy",
      "provider": "provider.aws",
      "instances": [
        {
          "schema_version": 0,
          "attributes": {
            "arn": "arn:aws:iam::993161815091:policy/mukesh-local-sandbox-s3-admin-policy",
            "description": "This policy is to describe s3",
            "id": "arn:aws:iam::993161815091:policy/mukesh-local-sandbox-s3-admin-policy",
            "name": "mukesh-local-sandbox-s3-admin-policy",
            "name_prefix": null,
            "path": "/",
            "policy": "{\"Statement\":[{\"Action\":\"*\",\"Effect\":\"Allow\",\"Resource\":\"*\",\"Sid\":\"\"}],\"Version\":\"2012-10-17\"}",
            "policy_id": "ANPA6OPIOUQZ7BRRFHZR6",
            "tags": null,
            "tags_all": {}
          },
          "private": "bnVsbA=="
        }
      ]
    },
    {
      "module": "module.vpc",
      "mode": "managed",
      "type": "aws_iam_role",
      "name": "iam-role",
      "provider": "provider.aws",
      "instances": [
        {
          "schema_version": 0,
          "attributes": {
            "arn": "arn:aws:iam::993161815091:role/mukesh-local-sandbox-role",
            "assume_role_policy": "{\"Version\":\"2012-10-17\",\"Statement\":[{\"Effect\":\"Allow\",\"Principal\":{\"Service\":\"ec2.amazonaws.com\"},\"Action\":\"sts:AssumeRole\"}]}",
            "create_date": "2022-06-11T04:00:09Z",
            "description": "",
            "force_detach_policies": false,
            "id": "mukesh-local-sandbox-role",
            "inline_policy": [
              {
                "name": "",
                "policy": ""
              }
            ],
            "managed_policy_arns": [],
            "max_session_duration": 3600,
            "name": "mukesh-local-sandbox-role",
            "name_prefix": "",
            "path": "/",
            "permissions_boundary": null,
            "tags": null,
            "tags_all": {},
            "unique_id": "AROA6OPIOUQZ5AD5UUNNU"
          },
          "private": "bnVsbA=="
        }
      ]
    },
    {
      "module": "module.vpc",
      "mode": "managed",
      "type": "aws_iam_role_policy_attachment",
      "name": "policy-attach",
      "provider": "provider.aws",
      "instances": [
        {
          "schema_version": 0,
          "attributes": {
            "id": "mukesh-local-sandbox-role-20220611040010447400000001",
            "policy_arn": "arn:aws:iam::993161815091:policy/mukesh-local-sandbox-s3-admin-policy",
            "role": "mukesh-local-sandbox-role"
          },
          "private": "bnVsbA==",
          "dependencies": [
            "module.vpc.aws_iam_policy.s3_admin_policy",
            "module.vpc.aws_iam_role.iam-role"
          ]
        }
      ]
    },
    {
      "module": "module.vpc",
      "mode": "managed",
      "type": "aws_instance",
      "name": "controller",
      "provider": "provider.aws",
      "instances": [
        {
          "schema_version": 1,
          "attributes": {
            "ami": "ami-02fe94dee086c0c37",
            "arn": "arn:aws:ec2:us-east-1:993161815091:instance/i-06ecf0b7c992364a3",
            "associate_public_ip_address": true,
            "availability_zone": "us-east-1a",
            "capacity_reservation_specification": [
              {
                "capacity_reservation_preference": "open",
                "capacity_reservation_target": []
              }
            ],
            "cpu_core_count": 1,
            "cpu_threads_per_core": 1,
            "credit_specification": [
              {
                "cpu_credits": "standard"
              }
            ],
            "disable_api_termination": false,
            "ebs_block_device": [],
            "ebs_optimized": false,
            "enclave_options": [
              {
                "enabled": false
              }
            ],
            "ephemeral_block_device": [],
            "get_password_data": false,
            "hibernation": false,
            "host_id": null,
            "iam_instance_profile": "mukesh-local-sandbox-ec2-profile",
            "id": "i-06ecf0b7c992364a3",
            "instance_initiated_shutdown_behavior": "stop",
            "instance_state": "running",
            "instance_type": "t2.micro",
            "ipv6_address_count": 0,
            "ipv6_addresses": [],
            "key_name": "k8s_key",
            "launch_template": [],
            "maintenance_options": [
              {
                "auto_recovery": "default"
              }
            ],
            "metadata_options": [
              {
                "http_endpoint": "enabled",
                "http_put_response_hop_limit": 1,
                "http_tokens": "optional",
                "instance_metadata_tags": "disabled"
              }
            ],
            "monitoring": false,
            "network_interface": [],
            "outpost_arn": "",
            "password_data": "",
            "placement_group": "",
            "placement_partition_number": null,
            "primary_network_interface_id": "eni-08e51f3b3732ba9fe",
            "private_dns": "ip-10-0-1-143.ec2.internal",
            "private_ip": "10.0.1.143",
            "public_dns": "ec2-52-91-255-172.compute-1.amazonaws.com",
            "public_ip": "52.91.255.172",
            "root_block_device": [
              {
                "delete_on_termination": true,
                "device_name": "/dev/sda1",
                "encrypted": false,
                "iops": 100,
                "kms_key_id": "",
                "tags": {},
                "throughput": 0,
                "volume_id": "vol-0a05f9b19ee51cae7",
                "volume_size": 8,
                "volume_type": "gp2"
              }
            ],
            "secondary_private_ips": [],
            "security_groups": [],
            "source_dest_check": true,
            "subnet_id": "subnet-0296f2eef1d6f384d",
            "tags": {
              "Name": "mukesh-local-sandbox-controller-tf"
            },
            "tags_all": {
              "Name": "mukesh-local-sandbox-controller-tf"
            },
            "tenancy": "default",
            "timeouts": null,
            "user_data": "3ee554a6393f37d8fbc1532a2281a7d38e9eb372",
            "user_data_base64": null,
            "user_data_replace_on_change": false,
            "volume_tags": null,
            "vpc_security_group_ids": [
              "sg-013770959d0d7e446"
            ]
          },
          "private": "eyJlMmJmYjczMC1lY2FhLTExZTYtOGY4OC0zNDM2M2JjN2M0YzAiOnsiY3JlYXRlIjo2MDAwMDAwMDAwMDAsImRlbGV0ZSI6MTIwMDAwMDAwMDAwMCwidXBkYXRlIjo2MDAwMDAwMDAwMDB9LCJzY2hlbWFfdmVyc2lvbiI6IjEifQ==",
          "dependencies": [
            "module.vpc.aws_iam_instance_profile.iam-profile",
            "module.vpc.aws_iam_role.iam-role",
            "module.vpc.aws_key_pair.k8s_key",
            "module.vpc.aws_security_group.ssh-allowed",
            "module.vpc.aws_subnet.public-subnet-1",
            "module.vpc.aws_vpc.vpc"
          ]
        }
      ]
    },
    {
      "module": "module.vpc",
      "mode": "managed",
      "type": "aws_internet_gateway",
      "name": "igw",
      "provider": "provider.aws",
      "instances": [
        {
          "schema_version": 0,
          "attributes": {
            "arn": "arn:aws:ec2:us-east-1:993161815091:internet-gateway/igw-0e0e01badc664341f",
            "id": "igw-0e0e01badc664341f",
            "owner_id": "993161815091",
            "tags": {
              "Name": "mukesh-local-igw"
            },
            "tags_all": {
              "Name": "mukesh-local-igw"
            },
            "vpc_id": "vpc-0e432bdfb1ecf6937"
          },
          "private": "bnVsbA==",
          "dependencies": [
            "module.vpc.aws_vpc.vpc"
          ]
        }
      ]
    },
    {
      "module": "module.vpc",
      "mode": "managed",
      "type": "aws_key_pair",
      "name": "k8s_key",
      "provider": "provider.aws",
      "instances": [
        {
          "schema_version": 1,
          "attributes": {
            "arn": "arn:aws:ec2:us-east-1:993161815091:key-pair/k8s_key",
            "fingerprint": "b8:32:04:80:04:1a:32:a9:cc:03:e2:32:13:01:93:88",
            "id": "k8s_key",
            "key_name": "k8s_key",
            "key_name_prefix": "",
            "key_pair_id": "key-045cde1facea6f217",
            "public_key": "ssh-rsa AAAAB3NzaC1yc2EAAAADAQABAAABgQCi8C2bmOwn1N4+PGh3QiHO3O1TUj5/eVkisaMPRilXQmMOZxDNQu0aerOsHuzrSJIj41Z7vWvVUm4yrojJ7rSmKld6DVchNSHiU9DwG2B5VIgelqk1VYeLXLqJEfy16mE5yyR3bfc+2VUYc2m5mvGUnEAdBaZiwjVTmQS5hq6oEclirNNIpXVtYwNMv1yMhSLv+hjRm8kVSAC6jFz7JM5zs1qudhbnILg2w84A6bWupSHkQP2om8XHtKGk8ZcuIncYS7z6vfskVyu0RE2iTsiq/Enn6kbbNRcXj/v5zlBCmbC4WEzZkFgzi8B5rDcRem+tcxgyWHq8I1cTxeqmOiZGfkQXD+UdnsSzPyAr5gv9aH4UNlAkQtnyZFNRZ7dQQUymunvaag01lxaGL22DZ2dmmzidsf6oMQC/7/jSrVpt0IOobroekbVwcynSrlA2xvett/NJfwaT6ATA4NP4EU9OFdiwfq1JeCDij2SAKRDuXoa/FdAA3vjLfLUwVlXbFkc= mukesh@mukesh-VirtualBox",
            "tags": null,
            "tags_all": {}
          },
          "private": "eyJzY2hlbWFfdmVyc2lvbiI6IjEifQ=="
        }
      ]
    },
    {
      "module": "module.vpc",
      "mode": "managed",
      "type": "aws_route53_zone",
      "name": "private",
      "provider": "provider.aws",
      "instances": [
        {
          "schema_version": 0,
          "attributes": {
            "arn": "arn:aws:route53:::hostedzone/Z08091583QCNEGWIQ9WM7",
            "comment": "Managed by Terraform",
            "delegation_set_id": "",
            "force_destroy": false,
            "id": "Z08091583QCNEGWIQ9WM7",
            "name": "mukesh.k8s",
            "name_servers": [
              "ns-0.awsdns-00.com.",
              "ns-1024.awsdns-00.org.",
              "ns-1536.awsdns-00.co.uk.",
              "ns-512.awsdns-00.net."
            ],
            "tags": null,
            "tags_all": {},
            "vpc": [
              {
                "vpc_id": "vpc-0e432bdfb1ecf6937",
                "vpc_region": "us-east-1"
              }
            ],
            "zone_id": "Z08091583QCNEGWIQ9WM7"
          },
          "private": "bnVsbA==",
          "dependencies": [
            "module.vpc.aws_vpc.vpc"
          ]
        }
      ]
    },
    {
      "module": "module.vpc",
      "mode": "managed",
      "type": "aws_route_table",
      "name": "public-rt",
      "provider": "provider.aws",
      "instances": [
        {
          "schema_version": 0,
          "attributes": {
            "arn": "arn:aws:ec2:us-east-1:993161815091:route-table/rtb-0ca56468775e101fb",
            "id": "rtb-0ca56468775e101fb",
            "owner_id": "993161815091",
            "propagating_vgws": [],
            "route": [
              {
                "carrier_gateway_id": "",
                "cidr_block": "0.0.0.0/0",
                "core_network_arn": "",
                "destination_prefix_list_id": "",
                "egress_only_gateway_id": "",
                "gateway_id": "igw-0e0e01badc664341f",
                "instance_id": "",
                "ipv6_cidr_block": "",
                "local_gateway_id": "",
                "nat_gateway_id": "",
                "network_interface_id": "",
                "transit_gateway_id": "",
                "vpc_endpoint_id": "",
                "vpc_peering_connection_id": ""
              }
            ],
            "tags": {
              "Name": "mukesh-local-rt"
            },
            "tags_all": {
              "Name": "mukesh-local-rt"
            },
            "timeouts": null,
            "vpc_id": "vpc-0e432bdfb1ecf6937"
          },
          "private": "eyJlMmJmYjczMC1lY2FhLTExZTYtOGY4OC0zNDM2M2JjN2M0YzAiOnsiY3JlYXRlIjozMDAwMDAwMDAwMDAsImRlbGV0ZSI6MzAwMDAwMDAwMDAwLCJ1cGRhdGUiOjEyMDAwMDAwMDAwMH19",
          "dependencies": [
            "module.vpc.aws_internet_gateway.igw",
            "module.vpc.aws_vpc.vpc"
          ]
        }
      ]
    },
    {
      "module": "module.vpc",
      "mode": "managed",
      "type": "aws_route_table_association",
      "name": "rt-public-subnet-association",
      "provider": "provider.aws",
      "instances": [
        {
          "schema_version": 0,
          "attributes": {
            "gateway_id": "",
            "id": "rtbassoc-05393f0dc011c4a9e",
            "route_table_id": "rtb-0ca56468775e101fb",
            "subnet_id": "subnet-0296f2eef1d6f384d"
          },
          "private": "bnVsbA==",
          "dependencies": [
            "module.vpc.aws_internet_gateway.igw",
            "module.vpc.aws_route_table.public-rt",
            "module.vpc.aws_subnet.public-subnet-1",
            "module.vpc.aws_vpc.vpc"
          ]
        }
      ]
    },
    {
      "module": "module.s3",
      "mode": "managed",
      "type": "aws_s3_bucket",
      "name": "source_bucket",
      "provider": "provider.aws",
      "instances": [
        {
          "schema_version": 0,
          "attributes": {
            "acceleration_status": "",
            "acl": null,
            "arn": "arn:aws:s3:::mukesh-local-k8s-files",
            "bucket": "mukesh-local-k8s-files",
            "bucket_domain_name": "mukesh-local-k8s-files.s3.amazonaws.com",
            "bucket_prefix": null,
            "bucket_regional_domain_name": "mukesh-local-k8s-files.s3.amazonaws.com",
            "cors_rule": [],
            "force_destroy": true,
            "grant": [
              {
                "id": "53628f9b91b3de0a27bb9d70aeae2cd8c4e49460d5bc01ea73569bf439c83fd0",
                "permissions": [
                  "FULL_CONTROL"
                ],
                "type": "CanonicalUser",
                "uri": ""
              }
            ],
            "hosted_zone_id": "Z3AQBSTGFYJSTF",
            "id": "mukesh-local-k8s-files",
            "lifecycle_rule": [],
            "logging": [],
            "object_lock_configuration": [],
            "object_lock_enabled": false,
            "policy": "",
            "region": "us-east-1",
            "replication_configuration": [],
            "request_payer": "BucketOwner",
            "server_side_encryption_configuration": [],
            "tags": {
              "Name": "mukesh-local-k8s-files"
            },
            "tags_all": {
              "Name": "mukesh-local-k8s-files"
            },
            "versioning": [
              {
                "enabled": false,
                "mfa_delete": false
              }
            ],
            "website": [],
            "website_domain": null,
            "website_endpoint": null
          },
          "private": "bnVsbA=="
        }
      ]
    },
    {
      "module": "module.vpc",
      "mode": "managed",
      "type": "aws_security_group",
      "name": "ssh-allowed",
      "provider": "provider.aws",
      "instances": [
        {
          "schema_version": 1,
          "attributes": {
            "arn": "arn:aws:ec2:us-east-1:993161815091:security-group/sg-013770959d0d7e446",
            "description": "Managed by Terraform",
            "egress": [
              {
                "cidr_blocks": [
                  "0.0.0.0/0"
                ],
                "description": "",
                "from_port": 0,
                "ipv6_cidr_blocks": [],
                "prefix_list_ids": [],
                "protocol": "-1",
                "security_groups": [],
                "self": false,
                "to_port": 0
              }
            ],
            "id": "sg-013770959d0d7e446",
            "ingress": [
              {
                "cidr_blocks": [
                  "0.0.0.0/0"
                ],
                "description": "",
                "from_port": 22,
                "ipv6_cidr_blocks": [],
                "prefix_list_ids": [],
                "protocol": "tcp",
                "security_groups": [],
                "self": false,
                "to_port": 22
              }
            ],
            "name": "terraform-20220611040022596100000002",
            "name_prefix": "terraform-",
            "owner_id": "993161815091",
            "revoke_rules_on_delete": false,
            "tags": {
              "Name": "ssh allowed"
            },
            "tags_all": {
              "Name": "ssh allowed"
            },
            "timeouts": null,
            "vpc_id": "vpc-0e432bdfb1ecf6937"
          },
          "private": "eyJlMmJmYjczMC1lY2FhLTExZTYtOGY4OC0zNDM2M2JjN2M0YzAiOnsiY3JlYXRlIjo2MDAwMDAwMDAwMDAsImRlbGV0ZSI6OTAwMDAwMDAwMDAwfSwic2NoZW1hX3ZlcnNpb24iOiIxIn0=",
          "dependencies": [
            "module.vpc.aws_vpc.vpc"
          ]
        }
      ]
    },
    {
      "module": "module.vpc",
      "mode": "managed",
      "type": "aws_subnet",
      "name": "public-subnet-1",
      "provider": "provider.aws",
      "instances": [
        {
          "schema_version": 1,
          "attributes": {
            "arn": "arn:aws:ec2:us-east-1:993161815091:subnet/subnet-0296f2eef1d6f384d",
            "assign_ipv6_address_on_creation": false,
            "availability_zone": "us-east-1a",
            "availability_zone_id": "use1-az2",
            "cidr_block": "10.0.1.0/24",
            "customer_owned_ipv4_pool": "",
            "enable_dns64": false,
            "enable_resource_name_dns_a_record_on_launch": false,
            "enable_resource_name_dns_aaaa_record_on_launch": false,
            "id": "subnet-0296f2eef1d6f384d",
            "ipv6_cidr_block": "",
            "ipv6_cidr_block_association_id": "",
            "ipv6_native": false,
            "map_customer_owned_ip_on_launch": false,
            "map_public_ip_on_launch": true,
            "outpost_arn": "",
            "owner_id": "993161815091",
            "private_dns_hostname_type_on_launch": "ip-name",
            "tags": {
              "Name": "mukesh-local-public-sbunet"
            },
            "tags_all": {
              "Name": "mukesh-local-public-sbunet"
            },
            "timeouts": null,
            "vpc_id": "vpc-0e432bdfb1ecf6937"
          },
          "private": "eyJlMmJmYjczMC1lY2FhLTExZTYtOGY4OC0zNDM2M2JjN2M0YzAiOnsiY3JlYXRlIjo2MDAwMDAwMDAwMDAsImRlbGV0ZSI6MTIwMDAwMDAwMDAwMH0sInNjaGVtYV92ZXJzaW9uIjoiMSJ9",
          "dependencies": [
            "module.vpc.aws_vpc.vpc"
          ]
        }
      ]
    },
    {
      "module": "module.vpc",
      "mode": "managed",
      "type": "aws_vpc",
      "name": "vpc",
      "provider": "provider.aws",
      "instances": [
        {
          "schema_version": 1,
          "attributes": {
            "arn": "arn:aws:ec2:us-east-1:993161815091:vpc/vpc-0e432bdfb1ecf6937",
            "assign_generated_ipv6_cidr_block": false,
            "cidr_block": "10.0.0.0/16",
            "default_network_acl_id": "acl-0dfe04d34bacdd736",
            "default_route_table_id": "rtb-09dd43d4b288e44a0",
            "default_security_group_id": "sg-060cfbd9dc43330f2",
            "dhcp_options_id": "dopt-0853680f788e7dadb",
            "enable_classiclink": false,
            "enable_classiclink_dns_support": false,
            "enable_dns_hostnames": true,
            "enable_dns_support": true,
            "id": "vpc-0e432bdfb1ecf6937",
            "instance_tenancy": "default",
            "ipv4_ipam_pool_id": null,
            "ipv4_netmask_length": null,
            "ipv6_association_id": "",
            "ipv6_cidr_block": "",
            "ipv6_cidr_block_network_border_group": "",
            "ipv6_ipam_pool_id": "",
            "ipv6_netmask_length": 0,
            "main_route_table_id": "rtb-09dd43d4b288e44a0",
            "owner_id": "993161815091",
            "tags": {
              "Name": "mukesh-local-vpc"
            },
            "tags_all": {
              "Name": "mukesh-local-vpc"
            }
          },
          "private": "eyJzY2hlbWFfdmVyc2lvbiI6IjEifQ=="
        }
      ]
    }
  ]
}
