{
  "version": 4,
  "terraform_version": "0.12.31",
  "serial": 2,
  "lineage": "84a37093-cb37-5661-0fe7-cb96a70f7579",
  "outputs": {
    "s3_bucket_id": {
      "value": "k8s-local-k8s-files",
      "type": "string"
    }
  },
  "resources": [
    {
      "mode": "managed",
      "type": "aws_s3_bucket",
      "name": "source_bucket",
      "provider": "provider.aws",
      "instances": [
        {
          "schema_version": 0,
          "attributes": {
            "acceleration_status": "",
            "acl": null,
            "arn": "arn:aws:s3:::k8s-local-k8s-files",
            "bucket": "k8s-local-k8s-files",
            "bucket_domain_name": "k8s-local-k8s-files.s3.amazonaws.com",
            "bucket_prefix": null,
            "bucket_regional_domain_name": "k8s-local-k8s-files.s3.amazonaws.com",
            "cors_rule": [],
            "force_destroy": true,
            "grant": [
              {
                "id": "53628f9b91b3de0a27bb9d70aeae2cd8c4e49460d5bc01ea73569bf439c83fd0",
                "permissions": [
                  "FULL_CONTROL"
                ],
                "type": "CanonicalUser",
                "uri": ""
              }
            ],
            "hosted_zone_id": "Z3AQBSTGFYJSTF",
            "id": "k8s-local-k8s-files",
            "lifecycle_rule": [],
            "logging": [],
            "object_lock_configuration": [],
            "object_lock_enabled": false,
            "policy": "",
            "region": "us-east-1",
            "replication_configuration": [],
            "request_payer": "BucketOwner",
            "server_side_encryption_configuration": [],
            "tags": {
              "Name": "k8s-local-k8s-files"
            },
            "tags_all": {
              "Name": "k8s-local-k8s-files"
            },
            "versioning": [
              {
                "enabled": false,
                "mfa_delete": false
              }
            ],
            "website": [],
            "website_domain": null,
            "website_endpoint": null
          },
          "private": "bnVsbA=="
        }
      ]
    }
  ]
}
