{
  "version": 4,
  "terraform_version": "0.12.31",
  "serial": 14,
  "lineage": "2f211852-1b60-6e11-f1f4-f90244de8895",
  "outputs": {
    "controller_instance_id": {
      "value": "i-0a4a2ff797355384c",
      "type": "string"
    },
    "controller_public_ip": {
      "value": "52.87.178.36",
      "type": "string"
    },
    "vpc_id": {
      "value": "vpc-0939d17facb2fa554",
      "type": "string"
    }
  },
  "resources": [
    {
      "mode": "data",
      "type": "aws_ami",
      "name": "linux",
      "provider": "provider.aws",
      "instances": [
        {
          "schema_version": 0,
          "attributes": {
            "architecture": "x86_64",
            "arn": "arn:aws:ec2:us-east-1::image/ami-02fe94dee086c0c37",
            "block_device_mappings": [
              {
                "device_name": "/dev/sda1",
                "ebs": {
                  "delete_on_termination": "true",
                  "encrypted": "false",
                  "iops": "0",
                  "snapshot_id": "snap-074c9b6e7aeb0e066",
                  "throughput": "0",
                  "volume_size": "8",
                  "volume_type": "gp2"
                },
                "no_device": "",
                "virtual_name": ""
              },
              {
                "device_name": "/dev/sdb",
                "ebs": {},
                "no_device": "",
                "virtual_name": "ephemeral0"
              },
              {
                "device_name": "/dev/sdc",
                "ebs": {},
                "no_device": "",
                "virtual_name": "ephemeral1"
              }
            ],
            "boot_mode": "",
            "creation_date": "2021-01-28T19:54:39.000Z",
            "deprecation_time": "2023-01-28T19:54:39.000Z",
            "description": "Canonical, Ubuntu, 18.04 LTS, amd64 bionic image build on 2021-01-28",
            "ena_support": true,
            "executable_users": null,
            "filter": [
              {
                "name": "name",
                "values": [
                  "ubuntu/images/hvm-ssd/ubuntu-bionic-18.04-amd64-server-20210128"
                ]
              }
            ],
            "hypervisor": "xen",
            "id": "ami-02fe94dee086c0c37",
            "image_id": "ami-02fe94dee086c0c37",
            "image_location": "099720109477/ubuntu/images/hvm-ssd/ubuntu-bionic-18.04-amd64-server-20210128",
            "image_owner_alias": "",
            "image_type": "machine",
            "kernel_id": "",
            "most_recent": false,
            "name": "ubuntu/images/hvm-ssd/ubuntu-bionic-18.04-amd64-server-20210128",
            "name_regex": null,
            "owner_id": "099720109477",
            "owners": [
              "099720109477"
            ],
            "platform": "",
            "platform_details": "Linux/UNIX",
            "product_codes": [],
            "public": true,
            "ramdisk_id": "",
            "root_device_name": "/dev/sda1",
            "root_device_type": "ebs",
            "root_snapshot_id": "snap-074c9b6e7aeb0e066",
            "sriov_net_support": "simple",
            "state": "available",
            "state_reason": {
              "code": "UNSET",
              "message": "UNSET"
            },
            "tags": {},
            "tpm_support": "",
            "usage_operation": "RunInstances",
            "virtualization_type": "hvm"
          }
        }
      ]
    },
    {
      "mode": "data",
      "type": "template_cloudinit_config",
      "name": "controller",
      "provider": "provider.template",
      "instances": [
        {
          "schema_version": 0,
          "attributes": {
            "base64_encode": true,
            "gzip": true,
            "id": "2953858251",
            "part": [
              {
                "content": "#!/bin/bash -xe\nexec \u003e /var/log/master-userdata.log 2\u003e\u00261\nset +e\n\n\napt-get update -y\napt-get install jq vim python3-pip docker.io -y\napt-get install awscli -y\n\n###### Install Kops #########\n\ncurl -Lo kops https://github.com/kubernetes/kops/releases/download/$(curl -s https://api.github.com/repos/kubernetes/kops/releases/latest | grep tag_name | cut -d '\"' -f 4)/kops-linux-amd64\nchmod +x kops\nsudo mv kops /usr/local/bin/kops\n\n###### Install Kubectl ##########\n\ncurl -LO \"https://dl.k8s.io/release/$(curl -L -s https://dl.k8s.io/release/stable.txt)/bin/linux/amd64/kubectl\"\nchmod +x ./kubectl\nsudo mv ./kubectl /usr/local/bin/kubectl\n\n######## Export env variables ########\n\n#export buck_name=`aws s3 ls | awk '{print $3}' | grep -i 'k8s-files'`\n#export NODE_COUNT=2\n#export NODE_SIZE=\"t3.medium\"\n#export MASTER_COUNT=1\n#export MASTER_SIZE=\"t3.medium\"\n#export CLUSTER_NAME=\"mukesh.k8s\"\n#export VPC_ID=`cat /tmp/vpc_id.txt`\n\n############ Create k8s cluster #############\n\n#kops create cluster --name=$CLUSTER_NAME --state=s3://$buck_name --node-count=$NODE_COUNT --node-size=$NODE_SIZE --master-count=$MASTER_COUNT --master-size=$MASTER_SIZE --vpc=$VPC_ID --zones=us-east-1b,us-east-1c --dns=private --yes\n\n#kops update cluster --yes\n",
                "content_type": "text/x-shellscript",
                "filename": "",
                "merge_type": ""
              }
            ],
            "rendered": "H4sIAAAAAAAA/3SUT2/jNhDF7wT8HaaOUXexpdisF23gQgukjg9B46TYTRZoLwlFTWzWFMlyRo69Tb97IfmP3E2jkz3vDTnvR4mT4Bk9y9tNxDFUtWMbdWJV2TWWP0MRal/qtMn7s8vZ9Jebu+uL84+/90XzT37GRDb4MZxmP/RET0h5bOqJw9pJe3rEJKfehNL6+Rh+KiwfGdrNGdes1pIW6ByZZCP3xMxW+GKfk29UYb0qNC1ArlHgGg18ALXSSbkwV5UmxiRrwlRq1pkLc3j34dtTQcjwFoUQOrKcI0MdS80IcnOoWE+snYM//4KVrSBueBH8SEYboQxmiSmz4f/8+omMs40iTtoHLnfKryESnOwfIUydHMirAMtGWDBHGis1t7yoi8yESi3rApNHRlKNRSV0qAlJleHJu6BLNfhuu0jXrqPNjpZIGAO9vpDTjMTwDPOEEVjP772uEJ7B1AyyhGF/CPIR3r9p+6Szvl5LXZU/vhdmUYUS3q7b6QXVZYBqtY2iamr4G+3a42kNL2DUBRp2HY8OyA3092lKly3PKLNhP/Ih8dVx6Jc2Yl04zHjNb9oZ2slVO3lLw7DrdxGyfe2Q41B5EWZnFPuxYbqOITGgX8FKJ9vs2x2zECe41YvaLFu6+YN+IqAROIJn0E9LGP4dk/UMg9E/w/1ZSAvD5RnJR+uQhg+HZa5vLqb3k5u769v83X+Lny7/mOZ9HmUVlrau+gd1dv7pdvpx13T6dfnVtsnVXWu4Pp9N835VL5EWDebO8fm3yf3lRf5gNIPiKqpVNPe2bKg/dIBaSJOEzfe1PCMwrm6+SjjWG07tq2O2vr1HypbY4HgWkJJYM+Y0Gis1OHBtzKFEaULtOR90oPYC2S+4qzehQcrd/bDrOObUiduuI1gg5SqafLBND1J+CR4pr0miJpanxfeHnwakLD3lMdlVe73IDdI+6u7K6aI22td3p5Q98W8AAAD//wZi2EmaBQAA"
          }
        }
      ]
    },
    {
      "mode": "managed",
      "type": "aws_iam_instance_profile",
      "name": "iam-profile",
      "provider": "provider.aws",
      "instances": [
        {
          "schema_version": 0,
          "attributes": {
            "arn": "arn:aws:iam::993161815091:instance-profile/k8s-local-sandbox-ec2-profile",
            "create_date": "2022-06-10T05:58:01Z",
            "id": "k8s-local-sandbox-ec2-profile",
            "name": "k8s-local-sandbox-ec2-profile",
            "name_prefix": null,
            "path": "/",
            "role": "k8s-local-sandbox-role",
            "tags": null,
            "tags_all": {},
            "unique_id": "AIPA6OPIOUQZ43VOZPYH4"
          },
          "private": "bnVsbA==",
          "dependencies": [
            "aws_iam_role.iam-role"
          ]
        }
      ]
    },
    {
      "mode": "managed",
      "type": "aws_iam_policy",
      "name": "s3_admin_policy",
      "provider": "provider.aws",
      "instances": [
        {
          "schema_version": 0,
          "attributes": {
            "arn": "arn:aws:iam::993161815091:policy/k8s-local-sandbox-s3-admin-policy",
            "description": "This policy is to describe s3",
            "id": "arn:aws:iam::993161815091:policy/k8s-local-sandbox-s3-admin-policy",
            "name": "k8s-local-sandbox-s3-admin-policy",
            "name_prefix": null,
            "path": "/",
            "policy": "{\"Statement\":[{\"Action\":\"*\",\"Effect\":\"Allow\",\"Resource\":\"*\",\"Sid\":\"\"}],\"Version\":\"2012-10-17\"}",
            "policy_id": "ANPA6OPIOUQZ2FLQFJCT4",
            "tags": null,
            "tags_all": {}
          },
          "private": "bnVsbA=="
        }
      ]
    },
    {
      "mode": "managed",
      "type": "aws_iam_role",
      "name": "iam-role",
      "provider": "provider.aws",
      "instances": [
        {
          "schema_version": 0,
          "attributes": {
            "arn": "arn:aws:iam::993161815091:role/k8s-local-sandbox-role",
            "assume_role_policy": "{\"Version\":\"2012-10-17\",\"Statement\":[{\"Effect\":\"Allow\",\"Principal\":{\"Service\":\"ec2.amazonaws.com\"},\"Action\":\"sts:AssumeRole\"}]}",
            "create_date": "2022-06-10T05:58:00Z",
            "description": "",
            "force_detach_policies": false,
            "id": "k8s-local-sandbox-role",
            "inline_policy": [
              {
                "name": "",
                "policy": ""
              }
            ],
            "managed_policy_arns": [],
            "max_session_duration": 3600,
            "name": "k8s-local-sandbox-role",
            "name_prefix": "",
            "path": "/",
            "permissions_boundary": null,
            "tags": null,
            "tags_all": {},
            "unique_id": "AROA6OPIOUQZQRXA7G7DW"
          },
          "private": "bnVsbA=="
        }
      ]
    },
    {
      "mode": "managed",
      "type": "aws_iam_role_policy_attachment",
      "name": "policy-attach",
      "provider": "provider.aws",
      "instances": [
        {
          "schema_version": 0,
          "attributes": {
            "id": "k8s-local-sandbox-role-20220610055753026800000001",
            "policy_arn": "arn:aws:iam::993161815091:policy/k8s-local-sandbox-s3-admin-policy",
            "role": "k8s-local-sandbox-role"
          },
          "private": "bnVsbA==",
          "dependencies": [
            "aws_iam_policy.s3_admin_policy",
            "aws_iam_role.iam-role"
          ]
        }
      ]
    },
    {
      "mode": "managed",
      "type": "aws_instance",
      "name": "controller",
      "provider": "provider.aws",
      "instances": [
        {
          "schema_version": 1,
          "attributes": {
            "ami": "ami-02fe94dee086c0c37",
            "arn": "arn:aws:ec2:us-east-1:993161815091:instance/i-0a4a2ff797355384c",
            "associate_public_ip_address": true,
            "availability_zone": "us-east-1a",
            "capacity_reservation_specification": [
              {
                "capacity_reservation_preference": "open",
                "capacity_reservation_target": []
              }
            ],
            "cpu_core_count": 1,
            "cpu_threads_per_core": 1,
            "credit_specification": [
              {
                "cpu_credits": "standard"
              }
            ],
            "disable_api_termination": false,
            "ebs_block_device": [],
            "ebs_optimized": false,
            "enclave_options": [
              {
                "enabled": false
              }
            ],
            "ephemeral_block_device": [],
            "get_password_data": false,
            "hibernation": false,
            "host_id": null,
            "iam_instance_profile": "k8s-local-sandbox-ec2-profile",
            "id": "i-0a4a2ff797355384c",
            "instance_initiated_shutdown_behavior": "stop",
            "instance_state": "running",
            "instance_type": "t2.micro",
            "ipv6_address_count": 0,
            "ipv6_addresses": [],
            "key_name": "k8s_key",
            "launch_template": [],
            "maintenance_options": [
              {
                "auto_recovery": "default"
              }
            ],
            "metadata_options": [
              {
                "http_endpoint": "enabled",
                "http_put_response_hop_limit": 1,
                "http_tokens": "optional",
                "instance_metadata_tags": "disabled"
              }
            ],
            "monitoring": false,
            "network_interface": [],
            "outpost_arn": "",
            "password_data": "",
            "placement_group": "",
            "placement_partition_number": null,
            "primary_network_interface_id": "eni-08147ad3a39ee538d",
            "private_dns": "ip-10-0-1-152.ec2.internal",
            "private_ip": "10.0.1.152",
            "public_dns": "ec2-52-87-178-36.compute-1.amazonaws.com",
            "public_ip": "52.87.178.36",
            "root_block_device": [
              {
                "delete_on_termination": true,
                "device_name": "/dev/sda1",
                "encrypted": false,
                "iops": 100,
                "kms_key_id": "",
                "tags": {},
                "throughput": 0,
                "volume_id": "vol-08f3366bb2a2f9c50",
                "volume_size": 8,
                "volume_type": "gp2"
              }
            ],
            "secondary_private_ips": [],
            "security_groups": [],
            "source_dest_check": true,
            "subnet_id": "subnet-001e354050fd30c1a",
            "tags": {
              "Name": "k8s-local-sandbox-controller-tf"
            },
            "tags_all": {
              "Name": "k8s-local-sandbox-controller-tf"
            },
            "tenancy": "default",
            "timeouts": null,
            "user_data": "d8a26acb514cdf2c1db05553793e5a708f13a933",
            "user_data_base64": null,
            "user_data_replace_on_change": false,
            "volume_tags": null,
            "vpc_security_group_ids": [
              "sg-03fde51c34b92dd3a"
            ]
          },
          "private": "eyJlMmJmYjczMC1lY2FhLTExZTYtOGY4OC0zNDM2M2JjN2M0YzAiOnsiY3JlYXRlIjo2MDAwMDAwMDAwMDAsImRlbGV0ZSI6MTIwMDAwMDAwMDAwMCwidXBkYXRlIjo2MDAwMDAwMDAwMDB9LCJzY2hlbWFfdmVyc2lvbiI6IjEifQ==",
          "dependencies": [
            "aws_iam_instance_profile.iam-profile",
            "aws_iam_role.iam-role",
            "aws_key_pair.k8s_key",
            "aws_security_group.ssh-allowed",
            "aws_subnet.public-subnet-1",
            "aws_vpc.vpc"
          ]
        }
      ]
    },
    {
      "mode": "managed",
      "type": "aws_internet_gateway",
      "name": "igw",
      "provider": "provider.aws",
      "instances": [
        {
          "schema_version": 0,
          "attributes": {
            "arn": "arn:aws:ec2:us-east-1:993161815091:internet-gateway/igw-07117281b55576921",
            "id": "igw-07117281b55576921",
            "owner_id": "993161815091",
            "tags": {
              "Name": "k8s-local-igw"
            },
            "tags_all": {
              "Name": "k8s-local-igw"
            },
            "vpc_id": "vpc-0939d17facb2fa554"
          },
          "private": "bnVsbA==",
          "dependencies": [
            "aws_vpc.vpc"
          ]
        }
      ]
    },
    {
      "mode": "managed",
      "type": "aws_key_pair",
      "name": "k8s_key",
      "provider": "provider.aws",
      "instances": [
        {
          "schema_version": 1,
          "attributes": {
            "arn": "arn:aws:ec2:us-east-1:993161815091:key-pair/k8s_key",
            "fingerprint": "b8:32:04:80:04:1a:32:a9:cc:03:e2:32:13:01:93:88",
            "id": "k8s_key",
            "key_name": "k8s_key",
            "key_name_prefix": "",
            "key_pair_id": "key-0b63c2900d37c2e3e",
            "public_key": "ssh-rsa AAAAB3NzaC1yc2EAAAADAQABAAABgQCi8C2bmOwn1N4+PGh3QiHO3O1TUj5/eVkisaMPRilXQmMOZxDNQu0aerOsHuzrSJIj41Z7vWvVUm4yrojJ7rSmKld6DVchNSHiU9DwG2B5VIgelqk1VYeLXLqJEfy16mE5yyR3bfc+2VUYc2m5mvGUnEAdBaZiwjVTmQS5hq6oEclirNNIpXVtYwNMv1yMhSLv+hjRm8kVSAC6jFz7JM5zs1qudhbnILg2w84A6bWupSHkQP2om8XHtKGk8ZcuIncYS7z6vfskVyu0RE2iTsiq/Enn6kbbNRcXj/v5zlBCmbC4WEzZkFgzi8B5rDcRem+tcxgyWHq8I1cTxeqmOiZGfkQXD+UdnsSzPyAr5gv9aH4UNlAkQtnyZFNRZ7dQQUymunvaag01lxaGL22DZ2dmmzidsf6oMQC/7/jSrVpt0IOobroekbVwcynSrlA2xvett/NJfwaT6ATA4NP4EU9OFdiwfq1JeCDij2SAKRDuXoa/FdAA3vjLfLUwVlXbFkc= mukesh@mukesh-VirtualBox",
            "tags": null,
            "tags_all": {}
          },
          "private": "eyJzY2hlbWFfdmVyc2lvbiI6IjEifQ=="
        }
      ]
    },
    {
      "mode": "managed",
      "type": "aws_route53_zone",
      "name": "private",
      "provider": "provider.aws",
      "instances": [
        {
          "schema_version": 0,
          "attributes": {
            "arn": "arn:aws:route53:::hostedzone/Z07617331ND602Z9HN9LI",
            "comment": "Managed by Terraform",
            "delegation_set_id": "",
            "force_destroy": false,
            "id": "Z07617331ND602Z9HN9LI",
            "name": "mukesh.k8s",
            "name_servers": [
              "ns-0.awsdns-00.com.",
              "ns-1024.awsdns-00.org.",
              "ns-1536.awsdns-00.co.uk.",
              "ns-512.awsdns-00.net."
            ],
            "tags": null,
            "tags_all": {},
            "vpc": [
              {
                "vpc_id": "vpc-0939d17facb2fa554",
                "vpc_region": "us-east-1"
              }
            ],
            "zone_id": "Z07617331ND602Z9HN9LI"
          },
          "private": "bnVsbA==",
          "dependencies": [
            "aws_vpc.vpc"
          ]
        }
      ]
    },
    {
      "mode": "managed",
      "type": "aws_route_table",
      "name": "public-rt",
      "provider": "provider.aws",
      "instances": [
        {
          "schema_version": 0,
          "attributes": {
            "arn": "arn:aws:ec2:us-east-1:993161815091:route-table/rtb-09851b404547b61c5",
            "id": "rtb-09851b404547b61c5",
            "owner_id": "993161815091",
            "propagating_vgws": [],
            "route": [
              {
                "carrier_gateway_id": "",
                "cidr_block": "0.0.0.0/0",
                "core_network_arn": "",
                "destination_prefix_list_id": "",
                "egress_only_gateway_id": "",
                "gateway_id": "igw-07117281b55576921",
                "instance_id": "",
                "ipv6_cidr_block": "",
                "local_gateway_id": "",
                "nat_gateway_id": "",
                "network_interface_id": "",
                "transit_gateway_id": "",
                "vpc_endpoint_id": "",
                "vpc_peering_connection_id": ""
              }
            ],
            "tags": {
              "Name": "k8s-local-rt"
            },
            "tags_all": {
              "Name": "k8s-local-rt"
            },
            "timeouts": null,
            "vpc_id": "vpc-0939d17facb2fa554"
          },
          "private": "eyJlMmJmYjczMC1lY2FhLTExZTYtOGY4OC0zNDM2M2JjN2M0YzAiOnsiY3JlYXRlIjozMDAwMDAwMDAwMDAsImRlbGV0ZSI6MzAwMDAwMDAwMDAwLCJ1cGRhdGUiOjEyMDAwMDAwMDAwMH19",
          "dependencies": [
            "aws_internet_gateway.igw",
            "aws_vpc.vpc"
          ]
        }
      ]
    },
    {
      "mode": "managed",
      "type": "aws_route_table_association",
      "name": "rt-public-subnet-association",
      "provider": "provider.aws",
      "instances": [
        {
          "schema_version": 0,
          "attributes": {
            "gateway_id": "",
            "id": "rtbassoc-0b5a2f3bc3d6ba635",
            "route_table_id": "rtb-09851b404547b61c5",
            "subnet_id": "subnet-001e354050fd30c1a"
          },
          "private": "bnVsbA==",
          "dependencies": [
            "aws_internet_gateway.igw",
            "aws_route_table.public-rt",
            "aws_subnet.public-subnet-1",
            "aws_vpc.vpc"
          ]
        }
      ]
    },
    {
      "mode": "managed",
      "type": "aws_security_group",
      "name": "ssh-allowed",
      "provider": "provider.aws",
      "instances": [
        {
          "schema_version": 1,
          "attributes": {
            "arn": "arn:aws:ec2:us-east-1:993161815091:security-group/sg-03fde51c34b92dd3a",
            "description": "Managed by Terraform",
            "egress": [
              {
                "cidr_blocks": [
                  "0.0.0.0/0"
                ],
                "description": "",
                "from_port": 0,
                "ipv6_cidr_blocks": [],
                "prefix_list_ids": [],
                "protocol": "-1",
                "security_groups": [],
                "self": false,
                "to_port": 0
              }
            ],
            "id": "sg-03fde51c34b92dd3a",
            "ingress": [
              {
                "cidr_blocks": [
                  "0.0.0.0/0"
                ],
                "description": "",
                "from_port": 22,
                "ipv6_cidr_blocks": [],
                "prefix_list_ids": [],
                "protocol": "tcp",
                "security_groups": [],
                "self": false,
                "to_port": 22
              }
            ],
            "name": "terraform-20220610055804759900000003",
            "name_prefix": "terraform-",
            "owner_id": "993161815091",
            "revoke_rules_on_delete": false,
            "tags": {
              "Name": "ssh allowed"
            },
            "tags_all": {
              "Name": "ssh allowed"
            },
            "timeouts": null,
            "vpc_id": "vpc-0939d17facb2fa554"
          },
          "private": "eyJlMmJmYjczMC1lY2FhLTExZTYtOGY4OC0zNDM2M2JjN2M0YzAiOnsiY3JlYXRlIjo2MDAwMDAwMDAwMDAsImRlbGV0ZSI6OTAwMDAwMDAwMDAwfSwic2NoZW1hX3ZlcnNpb24iOiIxIn0=",
          "dependencies": [
            "aws_vpc.vpc"
          ]
        }
      ]
    },
    {
      "mode": "managed",
      "type": "aws_subnet",
      "name": "public-subnet-1",
      "provider": "provider.aws",
      "instances": [
        {
          "schema_version": 1,
          "attributes": {
            "arn": "arn:aws:ec2:us-east-1:993161815091:subnet/subnet-001e354050fd30c1a",
            "assign_ipv6_address_on_creation": false,
            "availability_zone": "us-east-1a",
            "availability_zone_id": "use1-az2",
            "cidr_block": "10.0.1.0/24",
            "customer_owned_ipv4_pool": "",
            "enable_dns64": false,
            "enable_resource_name_dns_a_record_on_launch": false,
            "enable_resource_name_dns_aaaa_record_on_launch": false,
            "id": "subnet-001e354050fd30c1a",
            "ipv6_cidr_block": "",
            "ipv6_cidr_block_association_id": "",
            "ipv6_native": false,
            "map_customer_owned_ip_on_launch": false,
            "map_public_ip_on_launch": true,
            "outpost_arn": "",
            "owner_id": "993161815091",
            "private_dns_hostname_type_on_launch": "ip-name",
            "tags": {
              "Name": "k8s-local-public-sbunet"
            },
            "tags_all": {
              "Name": "k8s-local-public-sbunet"
            },
            "timeouts": null,
            "vpc_id": "vpc-0939d17facb2fa554"
          },
          "private": "eyJlMmJmYjczMC1lY2FhLTExZTYtOGY4OC0zNDM2M2JjN2M0YzAiOnsiY3JlYXRlIjo2MDAwMDAwMDAwMDAsImRlbGV0ZSI6MTIwMDAwMDAwMDAwMH0sInNjaGVtYV92ZXJzaW9uIjoiMSJ9",
          "dependencies": [
            "aws_vpc.vpc"
          ]
        }
      ]
    },
    {
      "mode": "managed",
      "type": "aws_vpc",
      "name": "vpc",
      "provider": "provider.aws",
      "instances": [
        {
          "schema_version": 1,
          "attributes": {
            "arn": "arn:aws:ec2:us-east-1:993161815091:vpc/vpc-0939d17facb2fa554",
            "assign_generated_ipv6_cidr_block": false,
            "cidr_block": "10.0.0.0/16",
            "default_network_acl_id": "acl-028a8b3ec877dae57",
            "default_route_table_id": "rtb-0e1d68b2f293cff6f",
            "default_security_group_id": "sg-02f75647375784ea1",
            "dhcp_options_id": "dopt-0853680f788e7dadb",
            "enable_classiclink": false,
            "enable_classiclink_dns_support": false,
            "enable_dns_hostnames": true,
            "enable_dns_support": true,
            "id": "vpc-0939d17facb2fa554",
            "instance_tenancy": "default",
            "ipv4_ipam_pool_id": null,
            "ipv4_netmask_length": null,
            "ipv6_association_id": "",
            "ipv6_cidr_block": "",
            "ipv6_cidr_block_network_border_group": "",
            "ipv6_ipam_pool_id": "",
            "ipv6_netmask_length": 0,
            "main_route_table_id": "rtb-0e1d68b2f293cff6f",
            "owner_id": "993161815091",
            "tags": {
              "Name": "k8s-local-vpc"
            },
            "tags_all": {
              "Name": "k8s-local-vpc"
            }
          },
          "private": "eyJzY2hlbWFfdmVyc2lvbiI6IjEifQ=="
        }
      ]
    }
  ]
}
